
Microsoft Visual Studio Solution File, Format Version 12.00
# Visual Studio Version 16
VisualStudioVersion = 16.0.30621.155
MinimumVisualStudioVersion = 10.0.40219.1
Project("{F184B08F-C81C-45F6-A57F-5ABD9991F28F}") = "exercicio 21", "exercicio 21\exercicio 21.vbproj", "{5E5E9A55-03A3-4191-8651-6FF988CC4BCC}"
EndProject
Global
	GlobalSection(SolutionConfigurationPlatforms) = preSolution
		Debug|Any CPU = Debug|Any CPU
		Release|Any CPU = Release|Any CPU
	EndGlobalSection
	GlobalSection(ProjectConfigurationPlatforms) = postSolution
		{5E5E9A55-03A3-4191-8651-6FF988CC4BCC}.Debug|Any CPU.ActiveCfg = Debug|Any CPU
		{5E5E9A55-03A3-4191-8651-6FF988CC4BCC}.Debug|Any CPU.Build.0 = Debug|Any CPU
		{5E5E9A55-03A3-4191-8651-6FF988CC4BCC}.Release|Any CPU.ActiveCfg = Release|Any CPU
		{5E5E9A55-03A3-4191-8651-6FF988CC4BCC}.Release|Any CPU.Build.0 = Release|Any CPU
	EndGlobalSection
	GlobalSection(SolutionProperties) = preSolution
		HideSolutionNode = FALSE
	EndGlobalSection
	GlobalSection(ExtensibilityGlobals) = postSolution
		SolutionGuid = {AC4C88C8-C88C-4C06-A415-E9A4BF5C2DDC}
	EndGlobalSection
EndGlobal
