
Microsoft Visual Studio Solution File, Format Version 12.00
# Visual Studio Version 16
VisualStudioVersion = 16.0.30621.155
MinimumVisualStudioVersion = 10.0.40219.1
Project("{F184B08F-C81C-45F6-A57F-5ABD9991F28F}") = "exercicio 19", "exercicio 19\exercicio 19.vbproj", "{A1CB73A1-EFCB-4804-9F2F-263F721DFDCD}"
EndProject
Global
	GlobalSection(SolutionConfigurationPlatforms) = preSolution
		Debug|Any CPU = Debug|Any CPU
		Release|Any CPU = Release|Any CPU
	EndGlobalSection
	GlobalSection(ProjectConfigurationPlatforms) = postSolution
		{A1CB73A1-EFCB-4804-9F2F-263F721DFDCD}.Debug|Any CPU.ActiveCfg = Debug|Any CPU
		{A1CB73A1-EFCB-4804-9F2F-263F721DFDCD}.Debug|Any CPU.Build.0 = Debug|Any CPU
		{A1CB73A1-EFCB-4804-9F2F-263F721DFDCD}.Release|Any CPU.ActiveCfg = Release|Any CPU
		{A1CB73A1-EFCB-4804-9F2F-263F721DFDCD}.Release|Any CPU.Build.0 = Release|Any CPU
	EndGlobalSection
	GlobalSection(SolutionProperties) = preSolution
		HideSolutionNode = FALSE
	EndGlobalSection
	GlobalSection(ExtensibilityGlobals) = postSolution
		SolutionGuid = {A17E2882-858F-486D-9D8E-A1A0B7C38D10}
	EndGlobalSection
EndGlobal
