
Microsoft Visual Studio Solution File, Format Version 12.00
# Visual Studio Version 16
VisualStudioVersion = 16.0.30621.155
MinimumVisualStudioVersion = 10.0.40219.1
Project("{F184B08F-C81C-45F6-A57F-5ABD9991F28F}") = "calculadora", "calculadora\calculadora.vbproj", "{6BFF6D99-B5A7-4A00-A0AF-84C0095072B6}"
EndProject
Global
	GlobalSection(SolutionConfigurationPlatforms) = preSolution
		Debug|Any CPU = Debug|Any CPU
		Release|Any CPU = Release|Any CPU
	EndGlobalSection
	GlobalSection(ProjectConfigurationPlatforms) = postSolution
		{6BFF6D99-B5A7-4A00-A0AF-84C0095072B6}.Debug|Any CPU.ActiveCfg = Debug|Any CPU
		{6BFF6D99-B5A7-4A00-A0AF-84C0095072B6}.Debug|Any CPU.Build.0 = Debug|Any CPU
		{6BFF6D99-B5A7-4A00-A0AF-84C0095072B6}.Release|Any CPU.ActiveCfg = Release|Any CPU
		{6BFF6D99-B5A7-4A00-A0AF-84C0095072B6}.Release|Any CPU.Build.0 = Release|Any CPU
	EndGlobalSection
	GlobalSection(SolutionProperties) = preSolution
		HideSolutionNode = FALSE
	EndGlobalSection
	GlobalSection(ExtensibilityGlobals) = postSolution
		SolutionGuid = {D261B494-6FBF-4617-A27C-F29495985ABE}
	EndGlobalSection
EndGlobal
