
Microsoft Visual Studio Solution File, Format Version 12.00
# Visual Studio Version 16
VisualStudioVersion = 16.0.30621.155
MinimumVisualStudioVersion = 10.0.40219.1
Project("{F184B08F-C81C-45F6-A57F-5ABD9991F28F}") = "numeros pares", "numeros pares\numeros pares.vbproj", "{06095EB7-9616-4A22-8C14-D0C7710CDD1D}"
EndProject
Global
	GlobalSection(SolutionConfigurationPlatforms) = preSolution
		Debug|Any CPU = Debug|Any CPU
		Release|Any CPU = Release|Any CPU
	EndGlobalSection
	GlobalSection(ProjectConfigurationPlatforms) = postSolution
		{06095EB7-9616-4A22-8C14-D0C7710CDD1D}.Debug|Any CPU.ActiveCfg = Debug|Any CPU
		{06095EB7-9616-4A22-8C14-D0C7710CDD1D}.Debug|Any CPU.Build.0 = Debug|Any CPU
		{06095EB7-9616-4A22-8C14-D0C7710CDD1D}.Release|Any CPU.ActiveCfg = Release|Any CPU
		{06095EB7-9616-4A22-8C14-D0C7710CDD1D}.Release|Any CPU.Build.0 = Release|Any CPU
	EndGlobalSection
	GlobalSection(SolutionProperties) = preSolution
		HideSolutionNode = FALSE
	EndGlobalSection
	GlobalSection(ExtensibilityGlobals) = postSolution
		SolutionGuid = {85AC484E-6AF7-4A13-824E-E7F46D53E64D}
	EndGlobalSection
EndGlobal
